
Microsoft Visual Studio Solution File, Format Version 12.00
# Visual Studio Version 16
VisualStudioVersion = 16.0.31019.35
MinimumVisualStudioVersion = 10.0.40219.1
Project("{FAE04EC0-301F-11D3-BF4B-00C04F79EFBC}") = "FirstCSProject", "FirstCSProject\FirstCSProject.csproj", "{2EC327ED-1295-4D70-8C5C-72431B583F1D}"
EndProject
Global
	GlobalSection(SolutionConfigurationPlatforms) = preSolution
		Debug|Any CPU = Debug|Any CPU
		Release|Any CPU = Release|Any CPU
	EndGlobalSection
	GlobalSection(ProjectConfigurationPlatforms) = postSolution
		{2EC327ED-1295-4D70-8C5C-72431B583F1D}.Debug|Any CPU.ActiveCfg = Debug|Any CPU
		{2EC327ED-1295-4D70-8C5C-72431B583F1D}.Debug|Any CPU.Build.0 = Debug|Any CPU
		{2EC327ED-1295-4D70-8C5C-72431B583F1D}.Release|Any CPU.ActiveCfg = Release|Any CPU
		{2EC327ED-1295-4D70-8C5C-72431B583F1D}.Release|Any CPU.Build.0 = Release|Any CPU
	EndGlobalSection
	GlobalSection(SolutionProperties) = preSolution
		HideSolutionNode = FALSE
	EndGlobalSection
	GlobalSection(ExtensibilityGlobals) = postSolution
		SolutionGuid = {BF815D9A-6F16-4077-868F-DF36A9028A9B}
	EndGlobalSection
EndGlobal
